
Microsoft Visual Studio Solution File, Format Version 12.00
# Visual Studio Version 17
VisualStudioVersion = 17.14.36414.22 d17.14
MinimumVisualStudioVersion = 10.0.40219.1
Project("{FAE04EC0-301F-11D3-BF4B-00C04F79EFBC}") = "323AleksukKhachatryan", "323AleksukKhachatryan\323AleksukKhachatryan.csproj", "{FE6E95DE-0EE7-437D-9E5F-63C2A8EFE1AD}"
EndProject
Global
	GlobalSection(SolutionConfigurationPlatforms) = preSolution
		Debug|Any CPU = Debug|Any CPU
		Release|Any CPU = Release|Any CPU
	EndGlobalSection
	GlobalSection(ProjectConfigurationPlatforms) = postSolution
		{FE6E95DE-0EE7-437D-9E5F-63C2A8EFE1AD}.Debug|Any CPU.ActiveCfg = Debug|Any CPU
		{FE6E95DE-0EE7-437D-9E5F-63C2A8EFE1AD}.Debug|Any CPU.Build.0 = Debug|Any CPU
		{FE6E95DE-0EE7-437D-9E5F-63C2A8EFE1AD}.Release|Any CPU.ActiveCfg = Release|Any CPU
		{FE6E95DE-0EE7-437D-9E5F-63C2A8EFE1AD}.Release|Any CPU.Build.0 = Release|Any CPU
	EndGlobalSection
	GlobalSection(SolutionProperties) = preSolution
		HideSolutionNode = FALSE
	EndGlobalSection
	GlobalSection(ExtensibilityGlobals) = postSolution
		SolutionGuid = {7D657EDA-C595-41AF-8E23-E751F49A6CB8}
	EndGlobalSection
EndGlobal
